
Microsoft Visual Studio Solution File, Format Version 12.00
# Visual Studio Version 17
VisualStudioVersion = 17.11.35303.130
MinimumVisualStudioVersion = 10.0.40219.1
Project("{FAE04EC0-301F-11D3-BF4B-00C04F79EFBC}") = "RotiNet", "RotiNet.csproj", "{5A528C14-64F3-421F-B39B-E221D25F873C}"
EndProject
Global
	GlobalSection(SolutionConfigurationPlatforms) = preSolution
		Debug|Any CPU = Debug|Any CPU
		Release|Any CPU = Release|Any CPU
	EndGlobalSection
	GlobalSection(ProjectConfigurationPlatforms) = postSolution
		{5A528C14-64F3-421F-B39B-E221D25F873C}.Debug|Any CPU.ActiveCfg = Debug|Any CPU
		{5A528C14-64F3-421F-B39B-E221D25F873C}.Debug|Any CPU.Build.0 = Debug|Any CPU
		{5A528C14-64F3-421F-B39B-E221D25F873C}.Debug|Any CPU.Deploy.0 = Debug|Any CPU
		{5A528C14-64F3-421F-B39B-E221D25F873C}.Release|Any CPU.ActiveCfg = Release|Any CPU
		{5A528C14-64F3-421F-B39B-E221D25F873C}.Release|Any CPU.Build.0 = Release|Any CPU
	EndGlobalSection
	GlobalSection(SolutionProperties) = preSolution
		HideSolutionNode = FALSE
	EndGlobalSection
	GlobalSection(ExtensibilityGlobals) = postSolution
		SolutionGuid = {CC70D07F-1EE4-4229-AAC8-AA671E645FBF}
	EndGlobalSection
EndGlobal
